
Microsoft Visual Studio Solution File, Format Version 12.00
# Visual Studio Version 17
VisualStudioVersion = 17.14.37111.16 d17.14
MinimumVisualStudioVersion = 10.0.40219.1
Project("{FAE04EC0-301F-11D3-BF4B-00C04F79EFBC}") = "StockPortalApp", "StockPortalApp.csproj", "{22B5C068-B0A5-7A89-1BB6-4F1BDF4AF48A}"
EndProject
Global
	GlobalSection(SolutionConfigurationPlatforms) = preSolution
		Debug|Any CPU = Debug|Any CPU
		Release|Any CPU = Release|Any CPU
	EndGlobalSection
	GlobalSection(ProjectConfigurationPlatforms) = postSolution
		{22B5C068-B0A5-7A89-1BB6-4F1BDF4AF48A}.Debug|Any CPU.ActiveCfg = Debug|Any CPU
		{22B5C068-B0A5-7A89-1BB6-4F1BDF4AF48A}.Debug|Any CPU.Build.0 = Debug|Any CPU
		{22B5C068-B0A5-7A89-1BB6-4F1BDF4AF48A}.Release|Any CPU.ActiveCfg = Release|Any CPU
		{22B5C068-B0A5-7A89-1BB6-4F1BDF4AF48A}.Release|Any CPU.Build.0 = Release|Any CPU
	EndGlobalSection
	GlobalSection(SolutionProperties) = preSolution
		HideSolutionNode = FALSE
	EndGlobalSection
	GlobalSection(ExtensibilityGlobals) = postSolution
		SolutionGuid = {C82C0336-141E-475B-881B-AB5045792B49}
	EndGlobalSection
EndGlobal
